schema: '2.0'
stages:
  preprocess:
    cmd: python src/preprocess_diabetes_dataset.py
    deps:
    - path: data/diabetes_prediction_dataset.csv
      hash: md5
      md5: cb243b99d81d96e9aeb08944ce9ac066
      size: 3810356
    - path: params.yaml
      hash: md5
      md5: f6a8d6594f03d11f72be04bf434070e9
      size: 252
    - path: src/preprocess_diabetes_dataset.py
      hash: md5
      md5: 1259330c99f4e05ea6395757c86a0df2
      size: 1559
    params:
      params.yaml:
        encoding.columns:
        - gender
        - smoking_history
        split.random_seed: 39
        split.test_size: 0.2
        target.name: diabetes
    outs:
    - path: data/processed_test_data.csv
      hash: md5
      md5: 0df21c4c3a1f43cfea7df224feb40e7f
      size: 1310674
    - path: data/processed_train_data.csv
      hash: md5
      md5: 6bc6eecef79891bc191026c2c8e78ef1
      size: 5243033
